// !$*UTF8*$!
{
	archiveVersion = 1;
	classes = {
	};
	objectVersion = 55;
	objects = {

/* Begin PBXBuildFile section */
		B576401A2782CBA000B3B2AF /* AppDelegate.swift in Sources */ = {isa = PBXBuildFile; fileRef = B57640192782CBA000B3B2AF /* AppDelegate.swift */; };
		B576401C2782CBA000B3B2AF /* SceneDelegate.swift in Sources */ = {isa = PBXBuildFile; fileRef = B576401B2782CBA000B3B2AF /* SceneDelegate.swift */; };
		B576401E2782CBA000B3B2AF /* ViewController.swift in Sources */ = {isa = PBXBuildFile; fileRef = B576401D2782CBA000B3B2AF /* ViewController.swift */; };
		B57640212782CBA000B3B2AF /* Main.storyboard in Resources */ = {isa = PBXBuildFile; fileRef = B576401F2782CBA000B3B2AF /* Main.storyboard */; };
		B57640242782CBA000B3B2AF /* TodoListApp.xcdatamodeld in Sources */ = {isa = PBXBuildFile; fileRef = B57640222782CBA000B3B2AF /* TodoListApp.xcdatamodeld */; };
		B57640262782CBA200B3B2AF /* Assets.xcassets in Resources */ = {isa = PBXBuildFile; fileRef = B57640252782CBA200B3B2AF /* Assets.xcassets */; };
		B57640292782CBA200B3B2AF /* LaunchScreen.storyboard in Resources */ = {isa = PBXBuildFile; fileRef = B57640272782CBA200B3B2AF /* LaunchScreen.storyboard */; };
		B57640342782CBA300B3B2AF /* TodoListAppTests.swift in Sources */ = {isa = PBXBuildFile; fileRef = B57640332782CBA300B3B2AF /* TodoListAppTests.swift */; };
		B576403E2782CBA300B3B2AF /* TodoListAppUITests.swift in Sources */ = {isa = PBXBuildFile; fileRef = B576403D2782CBA300B3B2AF /* TodoListAppUITests.swift */; };
		B57640402782CBA300B3B2AF /* TodoListAppUITestsLaunchTests.swift in Sources */ = {isa = PBXBuildFile; fileRef = B576403F2782CBA300B3B2AF /* TodoListAppUITestsLaunchTests.swift */; };
/* End PBXBuildFile section */

/* Begin PBXContainerItemProxy section */
		B57640302782CBA300B3B2AF /* PBXContainerItemProxy */ = {
			isa = PBXContainerItemProxy;
			containerPortal = B576400E2782CBA000B3B2AF /* Project object */;
			proxyType = 1;
			remoteGlobalIDString = B57640152782CBA000B3B2AF;
			remoteInfo = TodoListApp;
		};
		B576403A2782CBA300B3B2AF /* PBXContainerItemProxy */ = {
			isa = PBXContainerItemProxy;
			containerPortal = B576400E2782CBA000B3B2AF /* Project object */;
			proxyType = 1;
			remoteGlobalIDString = B57640152782CBA000B3B2AF;
			remoteInfo = TodoListApp;
		};
/* End PBXContainerItemProxy section */

/* Begin PBXFileReference section */
		B57640162782CBA000B3B2AF /* TodoListApp.app */ = {isa = PBXFileReference; explicitFileType = wrapper.application; includeInIndex = 0; path = TodoListApp.app; sourceTree = BUILT_PRODUCTS_DIR; };
		B57640192782CBA000B3B2AF /* AppDelegate.swift */ = {isa = PBXFileReference; lastKnownFileType = sourcecode.swift; path = AppDelegate.swift; sourceTree = "<group>"; };
		B576401B2782CBA000B3B2AF /* SceneDelegate.swift */ = {isa = PBXFileReference; lastKnownFileType = sourcecode.swift; path = SceneDelegate.swift; sourceTree = "<group>"; };
		B576401D2782CBA000B3B2AF /* ViewController.swift */ = {isa = PBXFileReference; lastKnownFileType = sourcecode.swift; path = ViewController.swift; sourceTree = "<group>"; };
		B57640202782CBA000B3B2AF /* Base */ = {isa = PBXFileReference; lastKnownFileType = file.storyboard; name = Base; path = Base.lproj/Main.storyboard; sourceTree = "<group>"; };
		B57640232782CBA000B3B2AF /* TodoListApp.xcdatamodel */ = {isa = PBXFileReference; lastKnownFileType = wrapper.xcdatamodel; path = TodoListApp.xcdatamodel; sourceTree = "<group>"; };
		B57640252782CBA200B3B2AF /* Assets.xcassets */ = {isa = PBXFileReference; lastKnownFileType = folder.assetcatalog; path = Assets.xcassets; sourceTree = "<group>"; };
		B57640282782CBA200B3B2AF /* Base */ = {isa = PBXFileReference; lastKnownFileType = file.storyboard; name = Base; path = Base.lproj/LaunchScreen.storyboard; sourceTree = "<group>"; };
		B576402A2782CBA200B3B2AF /* Info.plist */ = {isa = PBXFileReference; lastKnownFileType = text.plist.xml; path = Info.plist; sourceTree = "<group>"; };
		B576402F2782CBA300B3B2AF /* TodoListAppTests.xctest */ = {isa = PBXFileReference; explicitFileType = wrapper.cfbundle; includeInIndex = 0; path = TodoListAppTests.xctest; sourceTree = BUILT_PRODUCTS_DIR; };
		B57640332782CBA300B3B2AF /* TodoListAppTests.swift */ = {isa = PBXFileReference; lastKnownFileType = sourcecode.swift; path = TodoListAppTests.swift; sourceTree = "<group>"; };
		B57640392782CBA300B3B2AF /* TodoListAppUITests.xctest */ = {isa = PBXFileReference; explicitFileType = wrapper.cfbundle; includeInIndex = 0; path = TodoListAppUITests.xctest; sourceTree = BUILT_PRODUCTS_DIR; };
		B576403D2782CBA300B3B2AF /* TodoListAppUITests.swift */ = {isa = PBXFileReference; lastKnownFileType = sourcecode.swift; path = TodoListAppUITests.swift; sourceTree = "<group>"; };
		B576403F2782CBA300B3B2AF /* TodoListAppUITestsLaunchTests.swift */ = {isa = PBXFileReference; lastKnownFileType = sourcecode.swift; path = TodoListAppUITestsLaunchTests.swift; sourceTree = "<group>"; };
/* End PBXFileReference section */

/* Begin PBXFrameworksBuildPhase section */
		B57640132782CBA000B3B2AF /* Frameworks */ = {
			isa = PBXFrameworksBuildPhase;
			buildActionMask = 2147483647;
			files = (
			);
			runOnlyForDeploymentPostprocessing = 0;
		};
		B576402C2782CBA300B3B2AF /* Frameworks */ = {
			isa = PBXFrameworksBuildPhase;
			buildActionMask = 2147483647;
			files = (
			);
			runOnlyForDeploymentPostprocessing = 0;
		};
		B57640362782CBA300B3B2AF /* Frameworks */ = {
			isa = PBXFrameworksBuildPhase;
			buildActionMask = 2147483647;
			files = (
			);
			runOnlyForDeploymentPostprocessing = 0;
		};
/* End PBXFrameworksBuildPhase section */

/* Begin PBXGroup section */
		B576400D2782CBA000B3B2AF = {
			isa = PBXGroup;
			children = (
				B57640182782CBA000B3B2AF /* TodoListApp */,
				B57640322782CBA300B3B2AF /* TodoListAppTests */,
				B576403C2782CBA300B3B2AF /* TodoListAppUITests */,
				B57640172782CBA000B3B2AF /* Products */,
			);
			sourceTree = "<group>";
		};
		B57640172782CBA000B3B2AF /* Products */ = {
			isa = PBXGroup;
			children = (
				B57640162782CBA000B3B2AF /* TodoListApp.app */,
				B576402F2782CBA300B3B2AF /* TodoListAppTests.xctest */,
				B57640392782CBA300B3B2AF /* TodoListAppUITests.xctest */,
			);
			name = Products;
			sourceTree = "<group>";
		};
		B57640182782CBA000B3B2AF /* TodoListApp */ = {
			isa = PBXGroup;
			children = (
				B57640192782CBA000B3B2AF /* AppDelegate.swift */,
				B576401B2782CBA000B3B2AF /* SceneDelegate.swift */,
				B576401D2782CBA000B3B2AF /* ViewController.swift */,
				B576401F2782CBA000B3B2AF /* Main.storyboard */,
				B57640252782CBA200B3B2AF /* Assets.xcassets */,
				B57640272782CBA200B3B2AF /* LaunchScreen.storyboard */,
				B576402A2782CBA200B3B2AF /* Info.plist */,
				B57640222782CBA000B3B2AF /* TodoListApp.xcdatamodeld */,
			);
			path = TodoListApp;
			sourceTree = "<group>";
		};
		B57640322782CBA300B3B2AF /* TodoListAppTests */ = {
			isa = PBXGroup;
			children = (
				B57640332782CBA300B3B2AF /* TodoListAppTests.swift */,
			);
			path = TodoListAppTests;
			sourceTree = "<group>";
		};
		B576403C2782CBA300B3B2AF /* TodoListAppUITests */ = {
			isa = PBXGroup;
			children = (
				B576403D2782CBA300B3B2AF /* TodoListAppUITests.swift */,
				B576403F2782CBA300B3B2AF /* TodoListAppUITestsLaunchTests.swift */,
			);
			path = TodoListAppUITests;
			sourceTree = "<group>";
		};
/* End PBXGroup section */

/* Begin PBXNativeTarget section */
		B57640152782CBA000B3B2AF /* TodoListApp */ = {
			isa = PBXNativeTarget;
			buildConfigurationList = B57640432782CBA300B3B2AF /* Build configuration list for PBXNativeTarget "TodoListApp" */;
			buildPhases = (
				B57640122782CBA000B3B2AF /* Sources */,
				B57640132782CBA000B3B2AF /* Frameworks */,
				B57640142782CBA000B3B2AF /* Resources */,
			);
			buildRules = (
			);
			dependencies = (
			);
			name = TodoListApp;
			productName = TodoListApp;
			productReference = B57640162782CBA000B3B2AF /* TodoListApp.app */;
			productType = "com.apple.product-type.application";
		};
		B576402E2782CBA300B3B2AF /* TodoListAppTests */ = {
			isa = PBXNativeTarget;
			buildConfigurationList = B57640462782CBA300B3B2AF /* Build configuration list for PBXNativeTarget "TodoListAppTests" */;
			buildPhases = (
				B576402B2782CBA300B3B2AF /* Sources */,
				B576402C2782CBA300B3B2AF /* Frameworks */,
				B576402D2782CBA300B3B2AF /* Resources */,
			);
			buildRules = (
			);
			dependencies = (
				B57640312782CBA300B3B2AF /* PBXTargetDependency */,
			);
			name = TodoListAppTests;
			productName = TodoListAppTests;
			productReference = B576402F2782CBA300B3B2AF /* TodoListAppTests.xctest */;
			productType = "com.apple.product-type.bundle.unit-test";
		};
		B57640382782CBA300B3B2AF /* TodoListAppUITests */ = {
			isa = PBXNativeTarget;
			buildConfigurationList = B57640492782CBA300B3B2AF /* Build configuration list for PBXNativeTarget "TodoListAppUITests" */;
			buildPhases = (
				B57640352782CBA300B3B2AF /* Sources */,
				B57640362782CBA300B3B2AF /* Frameworks */,
				B57640372782CBA300B3B2AF /* Resources */,
			);
			buildRules = (
			);
			dependencies = (
				B576403B2782CBA300B3B2AF /* PBXTargetDependency */,
			);
			name = TodoListAppUITests;
			productName = TodoListAppUITests;
			productReference = B57640392782CBA300B3B2AF /* TodoListAppUITests.xctest */;
			productType = "com.apple.product-type.bundle.ui-testing";
		};
/* End PBXNativeTarget section */

/* Begin PBXProject section */
		B576400E2782CBA000B3B2AF /* Project object */ = {
			isa = PBXProject;
			attributes = {
				BuildIndependentTargetsInParallel = 1;
				LastSwiftUpdateCheck = 1310;
				LastUpgradeCheck = 1310;
				TargetAttributes = {
					B57640152782CBA000B3B2AF = {
						CreatedOnToolsVersion = 13.1;
					};
					B576402E2782CBA300B3B2AF = {
						CreatedOnToolsVersion = 13.1;
						TestTargetID = B57640152782CBA000B3B2AF;
					};
					B57640382782CBA300B3B2AF = {
						CreatedOnToolsVersion = 13.1;
						TestTargetID = B57640152782CBA000B3B2AF;
					};
				};
			};
			buildConfigurationList = B57640112782CBA000B3B2AF /* Build configuration list for PBXProject "TodoListApp" */;
			compatibilityVersion = "Xcode 13.0";
			developmentRegion = en;
			hasScannedForEncodings = 0;
			knownRegions = (
				en,
				Base,
			);
			mainGroup = B576400D2782CBA000B3B2AF;
			productRefGroup = B57640172782CBA000B3B2AF /* Products */;
			projectDirPath = "";
			projectRoot = "";
			targets = (
				B57640152782CBA000B3B2AF /* TodoListApp */,
				B576402E2782CBA300B3B2AF /* TodoListAppTests */,
				B57640382782CBA300B3B2AF /* TodoListAppUITests */,
			);
		};
/* End PBXProject section */

/* Begin PBXResourcesBuildPhase section */
		B57640142782CBA000B3B2AF /* Resources */ = {
			isa = PBXResourcesBuildPhase;
			buildActionMask = 2147483647;
			files = (
				B57640292782CBA200B3B2AF /* LaunchScreen.storyboard in Resources */,
				B57640262782CBA200B3B2AF /* Assets.xcassets in Resources */,
				B57640212782CBA000B3B2AF /* Main.storyboard in Resources */,
			);
			runOnlyForDeploymentPostprocessing = 0;
		};
		B576402D2782CBA300B3B2AF /* Resources */ = {
			isa = PBXResourcesBuildPhase;
			buildActionMask = 2147483647;
			files = (
			);
			runOnlyForDeploymentPostprocessing = 0;
		};
		B57640372782CBA300B3B2AF /* Resources */ = {
			isa = PBXResourcesBuildPhase;
			buildActionMask = 2147483647;
			files = (
			);
			runOnlyForDeploymentPostprocessing = 0;
		};
/* End PBXResourcesBuildPhase section */

/* Begin PBXSourcesBuildPhase section */
		B57640122782CBA000B3B2AF /* Sources */ = {
			isa = PBXSourcesBuildPhase;
			buildActionMask = 2147483647;
			files = (
				B576401E2782CBA000B3B2AF /* ViewController.swift in Sources */,
				B576401A2782CBA000B3B2AF /* AppDelegate.swift in Sources */,
				B576401C2782CBA000B3B2AF /* SceneDelegate.swift in Sources */,
				B57640242782CBA000B3B2AF /* TodoListApp.xcdatamodeld in Sources */,
			);
			runOnlyForDeploymentPostprocessing = 0;
		};
		B576402B2782CBA300B3B2AF /* Sources */ = {
			isa = PBXSourcesBuildPhase;
			buildActionMask = 2147483647;
			files = (
				B57640342782CBA300B3B2AF /* TodoListAppTests.swift in Sources */,
			);
			runOnlyForDeploymentPostprocessing = 0;
		};
		B57640352782CBA300B3B2AF /* Sources */ = {
			isa = PBXSourcesBuildPhase;
			buildActionMask = 2147483647;
			files = (
				B57640402782CBA300B3B2AF /* TodoListAppUITestsLaunchTests.swift in Sources */,
				B576403E2782CBA300B3B2AF /* TodoListAppUITests.swift in Sources */,
			);
			runOnlyForDeploymentPostprocessing = 0;
		};
/* End PBXSourcesBuildPhase section */

/* Begin PBXTargetDependency section */
		B57640312782CBA300B3B2AF /* PBXTargetDependency */ = {
			isa = PBXTargetDependency;
			target = B57640152782CBA000B3B2AF /* TodoListApp */;
			targetProxy = B57640302782CBA300B3B2AF /* PBXContainerItemProxy */;
		};
		B576403B2782CBA300B3B2AF /* PBXTargetDependency */ = {
			isa = PBXTargetDependency;
			target = B57640152782CBA000B3B2AF /* TodoListApp */;
			targetProxy = B576403A2782CBA300B3B2AF /* PBXContainerItemProxy */;
		};
/* End PBXTargetDependency section */

/* Begin PBXVariantGroup section */
		B576401F2782CBA000B3B2AF /* Main.storyboard */ = {
			isa = PBXVariantGroup;
			children = (
				B57640202782CBA000B3B2AF /* Base */,
			);
			name = Main.storyboard;
			sourceTree = "<group>";
		};
		B57640272782CBA200B3B2AF /* LaunchScreen.storyboard */ = {
			isa = PBXVariantGroup;
			children = (
				B57640282782CBA200B3B2AF /* Base */,
			);
			name = LaunchScreen.storyboard;
			sourceTree = "<group>";
		};
/* End PBXVariantGroup section */

/* Begin XCBuildConfiguration section */
		B57640412782CBA300B3B2AF /* Debug */ = {
			isa = XCBuildConfiguration;
			buildSettings = {
				ALWAYS_SEARCH_USER_PATHS = NO;
				CLANG_ANALYZER_NONNULL = YES;
				CLANG_ANALYZER_NUMBER_OBJECT_CONVERSION = YES_AGGRESSIVE;
				CLANG_CXX_LANGUAGE_STANDARD = "gnu++17";
				CLANG_CXX_LIBRARY = "libc++";
				CLANG_ENABLE_MODULES = YES;
				CLANG_ENABLE_OBJC_ARC = YES;
				CLANG_ENABLE_OBJC_WEAK = YES;
				CLANG_WARN_BLOCK_CAPTURE_AUTORELEASING = YES;
				CLANG_WARN_BOOL_CONVERSION = YES;
				CLANG_WARN_COMMA = YES;
				CLANG_WARN_CONSTANT_CONVERSION = YES;
				CLANG_WARN_DEPRECATED_OBJC_IMPLEMENTATIONS = YES;
				CLANG_WARN_DIRECT_OBJC_ISA_USAGE = YES_ERROR;
				CLANG_WARN_DOCUMENTATION_COMMENTS = YES;
				CLANG_WARN_EMPTY_BODY = YES;
				CLANG_WARN_ENUM_CONVERSION = YES;
				CLANG_WARN_INFINITE_RECURSION = YES;
				CLANG_WARN_INT_CONVERSION = YES;
				CLANG_WARN_NON_LITERAL_NULL_CONVERSION = YES;
				CLANG_WARN_OBJC_IMPLICIT_RETAIN_SELF = YES;
				CLANG_WARN_OBJC_LITERAL_CONVERSION = YES;
				CLANG_WARN_OBJC_ROOT_CLASS = YES_ERROR;
				CLANG_WARN_QUOTED_INCLUDE_IN_FRAMEWORK_HEADER = YES;
				CLANG_WARN_RANGE_LOOP_ANALYSIS = YES;
				CLANG_WARN_STRICT_PROTOTYPES = YES;
				CLANG_WARN_SUSPICIOUS_MOVE = YES;
				CLANG_WARN_UNGUARDED_AVAILABILITY = YES_AGGRESSIVE;
				CLANG_WARN_UNREACHABLE_CODE = YES;
				CLANG_WARN__DUPLICATE_METHOD_MATCH = YES;
				COPY_PHASE_STRIP = NO;
				DEBUG_INFORMATION_FORMAT = dwarf;
				ENABLE_STRICT_OBJC_MSGSEND = YES;
				ENABLE_TESTABILITY = YES;
				GCC_C_LANGUAGE_STANDARD = gnu11;
				GCC_DYNAMIC_NO_PIC = NO;
				GCC_NO_COMMON_BLOCKS = YES;
				GCC_OPTIMIZATION_LEVEL = 0;
				GCC_PREPROCESSOR_DEFINITIONS = (
					"DEBUG=1",
					"$(inherited)",
				);
				GCC_WARN_64_TO_32_BIT_CONVERSION = YES;
				GCC_WARN_ABOUT_RETURN_TYPE = YES_ERROR;
				GCC_WARN_UNDECLARED_SELECTOR = YES;
				GCC_WARN_UNINITIALIZED_AUTOS = YES_AGGRESSIVE;
				GCC_WARN_UNUSED_FUNCTION = YES;
				GCC_WARN_UNUSED_VARIABLE = YES;
				IPHONEOS_DEPLOYMENT_TARGET = 15.0;
				MTL_ENABLE_DEBUG_INFO = INCLUDE_SOURCE;
				MTL_FAST_MATH = YES;
				ONLY_ACTIVE_ARCH = YES;
				SDKROOT = iphoneos;
				SWIFT_ACTIVE_COMPILATION_CONDITIONS = DEBUG;
				SWIFT_OPTIMIZATION_LEVEL = "-Onone";
			};
			name = Debug;
		};
		B57640422782CBA300B3B2AF /* Release */ = {
			isa = XCBuildConfiguration;
			buildSettings = {
				ALWAYS_SEARCH_USER_PATHS = NO;
				CLANG_ANALYZER_NONNULL = YES;
				CLANG_ANALYZER_NUMBER_OBJECT_CONVERSION = YES_AGGRESSIVE;
				CLANG_CXX_LANGUAGE_STANDARD = "gnu++17";
				CLANG_CXX_LIBRARY = "libc++";
				CLANG_ENABLE_MODULES = YES;
				CLANG_ENABLE_OBJC_ARC = YES;
				CLANG_ENABLE_OBJC_WEAK = YES;
				CLANG_WARN_BLOCK_CAPTURE_AUTORELEASING = YES;
				CLANG_WARN_BOOL_CONVERSION = YES;
				CLANG_WARN_COMMA = YES;
				CLANG_WARN_CONSTANT_CONVERSION = YES;
				CLANG_WARN_DEPRECATED_OBJC_IMPLEMENTATIONS = YES;
				CLANG_WARN_DIRECT_OBJC_ISA_USAGE = YES_ERROR;
				CLANG_WARN_DOCUMENTATION_COMMENTS = YES;
				CLANG_WARN_EMPTY_BODY = YES;
				CLANG_WARN_ENUM_CONVERSION = YES;
				CLANG_WARN_INFINITE_RECURSION = YES;
				CLANG_WARN_INT_CONVERSION = YES;
				CLANG_WARN_NON_LITERAL_NULL_CONVERSION = YES;
				CLANG_WARN_OBJC_IMPLICIT_RETAIN_SELF = YES;
				CLANG_WARN_OBJC_LITERAL_CONVERSION = YES;
				CLANG_WARN_OBJC_ROOT_CLASS = YES_ERROR;
				CLANG_WARN_QUOTED_INCLUDE_IN_FRAMEWORK_HEADER = YES;
				CLANG_WARN_RANGE_LOOP_ANALYSIS = YES;
				CLANG_WARN_STRICT_PROTOTYPES = YES;
				CLANG_WARN_SUSPICIOUS_MOVE = YES;
				CLANG_WARN_UNGUARDED_AVAILABILITY = YES_AGGRESSIVE;
				CLANG_WARN_UNREACHABLE_CODE = YES;
				CLANG_WARN__DUPLICATE_METHOD_MATCH = YES;
				COPY_PHASE_STRIP = NO;
				DEBUG_INFORMATION_FORMAT = "dwarf-with-dsym";
				ENABLE_NS_ASSERTIONS = NO;
				ENABLE_STRICT_OBJC_MSGSEND = YES;
				GCC_C_LANGUAGE_STANDARD = gnu11;
				GCC_NO_COMMON_BLOCKS = YES;
				GCC_WARN_64_TO_32_BIT_CONVERSION = YES;
				GCC_WARN_ABOUT_RETURN_TYPE = YES_ERROR;
				GCC_WARN_UNDECLARED_SELECTOR = YES;
				GCC_WARN_UNINITIALIZED_AUTOS = YES_AGGRESSIVE;
				GCC_WARN_UNUSED_FUNCTION = YES;
				GCC_WARN_UNUSED_VARIABLE = YES;
				IPHONEOS_DEPLOYMENT_TARGET = 15.0;
				MTL_ENABLE_DEBUG_INFO = NO;
				MTL_FAST_MATH = YES;
				SDKROOT = iphoneos;
				SWIFT_COMPILATION_MODE = wholemodule;
				SWIFT_OPTIMIZATION_LEVEL = "-O";
				VALIDATE_PRODUCT = YES;
			};
			name = Release;
		};
		B57640442782CBA300B3B2AF /* Debug */ = {
			isa = XCBuildConfiguration;
			buildSettings = {
				ASSETCATALOG_COMPILER_APPICON_NAME = AppIcon;
				ASSETCATALOG_COMPILER_GLOBAL_ACCENT_COLOR_NAME = AccentColor;
				CODE_SIGN_STYLE = Automatic;
				CURRENT_PROJECT_VERSION = 1;
				DEVELOPMENT_TEAM = A2XFY4CAYY;
				GENERATE_INFOPLIST_FILE = YES;
				INFOPLIST_FILE = TodoListApp/Info.plist;
				INFOPLIST_KEY_UIApplicationSupportsIndirectInputEvents = YES;
				INFOPLIST_KEY_UILaunchStoryboardName = LaunchScreen;
				INFOPLIST_KEY_UIMainStoryboardFile = Main;
				INFOPLIST_KEY_UISupportedInterfaceOrientations_iPad = "UIInterfaceOrientationPortrait UIInterfaceOrientationPortraitUpsideDown UIInterfaceOrientationLandscapeLeft UIInterfaceOrientationLandscapeRight";
				INFOPLIST_KEY_UISupportedInterfaceOrientations_iPhone = "UIInterfaceOrientationPortrait UIInterfaceOrientationLandscapeLeft UIInterfaceOrientationLandscapeRight";
				LD_RUNPATH_SEARCH_PATHS = (
					"$(inherited)",
					"@executable_path/Frameworks",
				);
				MARKETING_VERSION = 1.0;
				PRODUCT_BUNDLE_IDENTIFIER = com.Najed.TodoListApp;
				PRODUCT_NAME = "$(TARGET_NAME)";
				SWIFT_EMIT_LOC_STRINGS = YES;
				SWIFT_VERSION = 5.0;
				TARGETED_DEVICE_FAMILY = "1,2";
			};
			name = Debug;
		};
		B57640452782CBA300B3B2AF /* Release */ = {
			isa = XCBuildConfiguration;
			buildSettings = {
				ASSETCATALOG_COMPILER_APPICON_NAME = AppIcon;
				ASSETCATALOG_COMPILER_GLOBAL_ACCENT_COLOR_NAME = AccentColor;
				CODE_SIGN_STYLE = Automatic;
				CURRENT_PROJECT_VERSION = 1;
				DEVELOPMENT_TEAM = A2XFY4CAYY;
				GENERATE_INFOPLIST_FILE = YES;
				INFOPLIST_FILE = TodoListApp/Info.plist;
				INFOPLIST_KEY_UIApplicationSupportsIndirectInputEvents = YES;
				INFOPLIST_KEY_UILaunchStoryboardName = LaunchScreen;
				INFOPLIST_KEY_UIMainStoryboardFile = Main;
				INFOPLIST_KEY_UISupportedInterfaceOrientations_iPad = "UIInterfaceOrientationPortrait UIInterfaceOrientationPortraitUpsideDown UIInterfaceOrientationLandscapeLeft UIInterfaceOrientationLandscapeRight";
				INFOPLIST_KEY_UISupportedInterfaceOrientations_iPhone = "UIInterfaceOrientationPortrait UIInterfaceOrientationLandscapeLeft UIInterfaceOrientationLandscapeRight";
				LD_RUNPATH_SEARCH_PATHS = (
					"$(inherited)",
					"@executable_path/Frameworks",
				);
				MARKETING_VERSION = 1.0;
				PRODUCT_BUNDLE_IDENTIFIER = com.Najed.TodoListApp;
				PRODUCT_NAME = "$(TARGET_NAME)";
				SWIFT_EMIT_LOC_STRINGS = YES;
				SWIFT_VERSION = 5.0;
				TARGETED_DEVICE_FAMILY = "1,2";
			};
			name = Release;
		};
		B57640472782CBA300B3B2AF /* Debug */ = {
			isa = XCBuildConfiguration;
			buildSettings = {
				ALWAYS_EMBED_SWIFT_STANDARD_LIBRARIES = YES;
				BUNDLE_LOADER = "$(TEST_HOST)";
				CODE_SIGN_STYLE = Automatic;
				CURRENT_PROJECT_VERSION = 1;
				DEVELOPMENT_TEAM = A2XFY4CAYY;
				GENERATE_INFOPLIST_FILE = YES;
				IPHONEOS_DEPLOYMENT_TARGET = 15.0;
				LD_RUNPATH_SEARCH_PATHS = (
					"$(inherited)",
					"@executable_path/Frameworks",
					"@loader_path/Frameworks",
				);
				MARKETING_VERSION = 1.0;
				PRODUCT_BUNDLE_IDENTIFIER = com.Najed.TodoListAppTests;
				PRODUCT_NAME = "$(TARGET_NAME)";
				SWIFT_EMIT_LOC_STRINGS = NO;
				SWIFT_VERSION = 5.0;
				TARGETED_DEVICE_FAMILY = "1,2";
				TEST_HOST = "$(BUILT_PRODUCTS_DIR)/TodoListApp.app/TodoListApp";
			};
			name = Debug;
		};
		B57640482782CBA300B3B2AF /* Release */ = {
			isa = XCBuildConfiguration;
			buildSettings = {
				ALWAYS_EMBED_SWIFT_STANDARD_LIBRARIES = YES;
				BUNDLE_LOADER = "$(TEST_HOST)";
				CODE_SIGN_STYLE = Automatic;
				CURRENT_PROJECT_VERSION = 1;
				DEVELOPMENT_TEAM = A2XFY4CAYY;
				GENERATE_INFOPLIST_FILE = YES;
				IPHONEOS_DEPLOYMENT_TARGET = 15.0;
				LD_RUNPATH_SEARCH_PATHS = (
					"$(inherited)",
					"@executable_path/Frameworks",
					"@loader_path/Frameworks",
				);
				MARKETING_VERSION = 1.0;
				PRODUCT_BUNDLE_IDENTIFIER = com.Najed.TodoListAppTests;
				PRODUCT_NAME = "$(TARGET_NAME)";
				SWIFT_EMIT_LOC_STRINGS = NO;
				SWIFT_VERSION = 5.0;
				TARGETED_DEVICE_FAMILY = "1,2";
				TEST_HOST = "$(BUILT_PRODUCTS_DIR)/TodoListApp.app/TodoListApp";
			};
			name = Release;
		};
		B576404A2782CBA300B3B2AF /* Debug */ = {
			isa = XCBuildConfiguration;
			buildSettings = {
				ALWAYS_EMBED_SWIFT_STANDARD_LIBRARIES = YES;
				CODE_SIGN_STYLE = Automatic;
				CURRENT_PROJECT_VERSION = 1;
				DEVELOPMENT_TEAM = A2XFY4CAYY;
				GENERATE_INFOPLIST_FILE = YES;
				LD_RUNPATH_SEARCH_PATHS = (
					"$(inherited)",
					"@executable_path/Frameworks",
					"@loader_path/Frameworks",
				);
				MARKETING_VERSION = 1.0;
				PRODUCT_BUNDLE_IDENTIFIER = com.Najed.TodoListAppUITests;
				PRODUCT_NAME = "$(TARGET_NAME)";
				SWIFT_EMIT_LOC_STRINGS = NO;
				SWIFT_VERSION = 5.0;
				TARGETED_DEVICE_FAMILY = "1,2";
				TEST_TARGET_NAME = TodoListApp;
			};
			name = Debug;
		};
		B576404B2782CBA300B3B2AF /* Release */ = {
			isa = XCBuildConfiguration;
			buildSettings = {
				ALWAYS_EMBED_SWIFT_STANDARD_LIBRARIES = YES;
				CODE_SIGN_STYLE = Automatic;
				CURRENT_PROJECT_VERSION = 1;
				DEVELOPMENT_TEAM = A2XFY4CAYY;
				GENERATE_INFOPLIST_FILE = YES;
				LD_RUNPATH_SEARCH_PATHS = (
					"$(inherited)",
					"@executable_path/Frameworks",
					"@loader_path/Frameworks",
				);
				MARKETING_VERSION = 1.0;
				PRODUCT_BUNDLE_IDENTIFIER = com.Najed.TodoListAppUITests;
				PRODUCT_NAME = "$(TARGET_NAME)";
				SWIFT_EMIT_LOC_STRINGS = NO;
				SWIFT_VERSION = 5.0;
				TARGETED_DEVICE_FAMILY = "1,2";
				TEST_TARGET_NAME = TodoListApp;
			};
			name = Release;
		};
/* End XCBuildConfiguration section */

/* Begin XCConfigurationList section */
		B57640112782CBA000B3B2AF /* Build configuration list for PBXProject "TodoListApp" */ = {
			isa = XCConfigurationList;
			buildConfigurations = (
				B57640412782CBA300B3B2AF /* Debug */,
				B57640422782CBA300B3B2AF /* Release */,
			);
			defaultConfigurationIsVisible = 0;
			defaultConfigurationName = Release;
		};
		B57640432782CBA300B3B2AF /* Build configuration list for PBXNativeTarget "TodoListApp" */ = {
			isa = XCConfigurationList;
			buildConfigurations = (
				B57640442782CBA300B3B2AF /* Debug */,
				B57640452782CBA300B3B2AF /* Release */,
			);
			defaultConfigurationIsVisible = 0;
			defaultConfigurationName = Release;
		};
		B57640462782CBA300B3B2AF /* Build configuration list for PBXNativeTarget "TodoListAppTests" */ = {
			isa = XCConfigurationList;
			buildConfigurations = (
				B57640472782CBA300B3B2AF /* Debug */,
				B57640482782CBA300B3B2AF /* Release */,
			);
			defaultConfigurationIsVisible = 0;
			defaultConfigurationName = Release;
		};
		B57640492782CBA300B3B2AF /* Build configuration list for PBXNativeTarget "TodoListAppUITests" */ = {
			isa = XCConfigurationList;
			buildConfigurations = (
				B576404A2782CBA300B3B2AF /* Debug */,
				B576404B2782CBA300B3B2AF /* Release */,
			);
			defaultConfigurationIsVisible = 0;
			defaultConfigurationName = Release;
		};
/* End XCConfigurationList section */

/* Begin XCVersionGroup section */
		B57640222782CBA000B3B2AF /* TodoListApp.xcdatamodeld */ = {
			isa = XCVersionGroup;
			children = (
				B57640232782CBA000B3B2AF /* TodoListApp.xcdatamodel */,
			);
			currentVersion = B57640232782CBA000B3B2AF /* TodoListApp.xcdatamodel */;
			path = TodoListApp.xcdatamodeld;
			sourceTree = "<group>";
			versionGroupType = wrapper.xcdatamodel;
		};
/* End XCVersionGroup section */
	};
	rootObject = B576400E2782CBA000B3B2AF /* Project object */;
}
